<?xml version="1.0" encoding="utf-8"?>
<Project ToolsVersion="4.0" xmlns="http://schemas.microsoft.com/developer/msbuild/2003">
  <ItemGroup>
    <Filter Include="Source Files">
      <UniqueIdentifier>{8fe3f8f5-506a-4dad-a50c-17e398228dcb}</UniqueIdentifier>
      <Extensions>cpp;c;cxx;def;odl;idl;hpj;bat;asm</Extensions>
    </Filter>
    <Filter Include="Header Files">
      <UniqueIdentifier>{dc98fd49-8717-4290-9fde-6c6059f72fe1}</UniqueIdentifier>
      <Extensions>h;hpp;hxx;hm;inl;inc</Extensions>
    </Filter>
    <Filter Include="Resource Files">
      <UniqueIdentifier>{5c0670ed-2d63-4a7f-b18e-77475ab2bd84}</UniqueIdentifier>
      <Extensions>rc;ico;cur;bmp;dlg;rc2;rct;bin;rgs;jpg;jpeg;jpe;manifest</Extensions>
    </Filter>
  </ItemGroup>
  <ItemGroup>
    <ClCompile Include="AboutDlg.cpp">
      <Filter>Source Files</Filter>
    </ClCompile>
    <ClCompile Include="Camera.cpp">
      <Filter>Source Files</Filter>
    </ClCompile>
    <ClCompile Include="GLRenderer.cpp">
      <Filter>Source Files</Filter>
    </ClCompile>
    <ClCompile Include="MainFrm.cpp">
      <Filter>Source Files</Filter>
    </ClCompile>
    <ClCompile Include="mathlib.cpp">
      <Filter>Source Files</Filter>
    </ClCompile>
    <ClCompile Include="Models.cpp">
      <Filter>Source Files</Filter>
    </ClCompile>
    <ClCompile Include="ModelsView.cpp">
      <Filter>Source Files</Filter>
    </ClCompile>
    <ClCompile Include="msModel.cpp">
      <Filter>Source Files</Filter>
    </ClCompile>
    <ClCompile Include="msModelRenderer.cpp">
      <Filter>Source Files</Filter>
    </ClCompile>
    <ClCompile Include="MySimObjects.cpp">
      <Filter>Source Files</Filter>
    </ClCompile>
    <ClCompile Include="MySimulation.cpp">
      <Filter>Source Files</Filter>
    </ClCompile>
    <ClCompile Include="ODEObj.cpp">
      <Filter>Source Files</Filter>
    </ClCompile>
    <ClCompile Include="ODESimulation.cpp">
      <Filter>Source Files</Filter>
    </ClCompile>
    <ClCompile Include="SimController.cpp">
      <Filter>Source Files</Filter>
    </ClCompile>
    <ClCompile Include="SimObj.cpp">
      <Filter>Source Files</Filter>
    </ClCompile>
    <ClCompile Include="Simulation.cpp">
      <Filter>Source Files</Filter>
    </ClCompile>
    <ClCompile Include="stdafx.cpp">
      <Filter>Source Files</Filter>
    </ClCompile>
    <ClCompile Include="TextureLoader.cpp">
      <Filter>Source Files</Filter>
    </ClCompile>
    <ClCompile Include="SettingsSheet.cpp">
      <Filter>Source Files</Filter>
    </ClCompile>
    <ClCompile Include="SetOptionsPg.cpp">
      <Filter>Source Files</Filter>
    </ClCompile>
  </ItemGroup>
  <ItemGroup>
    <ClInclude Include="AboutDlg.h">
      <Filter>Header Files</Filter>
    </ClInclude>
    <ClInclude Include="Camera.h">
      <Filter>Header Files</Filter>
    </ClInclude>
    <ClInclude Include="Concept.h">
      <Filter>Header Files</Filter>
    </ClInclude>
    <ClInclude Include="GLRenderer.h">
      <Filter>Header Files</Filter>
    </ClInclude>
    <ClInclude Include="IControlListener.h">
      <Filter>Header Files</Filter>
    </ClInclude>
    <ClInclude Include="IRenderer.h">
      <Filter>Header Files</Filter>
    </ClInclude>
    <ClInclude Include="MainFrm.h">
      <Filter>Header Files</Filter>
    </ClInclude>
    <ClInclude Include="mathlib.h">
      <Filter>Header Files</Filter>
    </ClInclude>
    <ClInclude Include="Models.h">
      <Filter>Header Files</Filter>
    </ClInclude>
    <ClInclude Include="ModelsView.h">
      <Filter>Header Files</Filter>
    </ClInclude>
    <ClInclude Include="msModel.h">
      <Filter>Header Files</Filter>
    </ClInclude>
    <ClInclude Include="msModelRenderer.h">
      <Filter>Header Files</Filter>
    </ClInclude>
    <ClInclude Include="MySimObjects.h">
      <Filter>Header Files</Filter>
    </ClInclude>
    <ClInclude Include="MySimulation.h">
      <Filter>Header Files</Filter>
    </ClInclude>
    <ClInclude Include="ODEObj.h">
      <Filter>Header Files</Filter>
    </ClInclude>
    <ClInclude Include="ODESimulation.h">
      <Filter>Header Files</Filter>
    </ClInclude>
    <ClInclude Include="Quaternion.h">
      <Filter>Header Files</Filter>
    </ClInclude>
    <ClInclude Include="Real.h">
      <Filter>Header Files</Filter>
    </ClInclude>
    <ClInclude Include="resource.h">
      <Filter>Header Files</Filter>
    </ClInclude>
    <ClInclude Include="SimController.h">
      <Filter>Header Files</Filter>
    </ClInclude>
    <ClInclude Include="SimObj.h">
      <Filter>Header Files</Filter>
    </ClInclude>
    <ClInclude Include="Simulation.h">
      <Filter>Header Files</Filter>
    </ClInclude>
    <ClInclude Include="stdafx.h">
      <Filter>Header Files</Filter>
    </ClInclude>
    <ClInclude Include="TextureLoader.h">
      <Filter>Header Files</Filter>
    </ClInclude>
    <ClInclude Include="SettingsSheet.h">
      <Filter>Header Files</Filter>
    </ClInclude>
    <ClInclude Include="SetOptionsPg.h">
      <Filter>Header Files</Filter>
    </ClInclude>
    <ClInclude Include="Vectors.h">
      <Filter>Header Files</Filter>
    </ClInclude>
    <ClInclude Include="atlopengl.h">
      <Filter>Header Files</Filter>
    </ClInclude>
  </ItemGroup>
  <ItemGroup>
    <None Include="res\Models.ico">
      <Filter>Resource Files</Filter>
    </None>
    <None Include="res\ode.bmp">
      <Filter>Resource Files</Filter>
    </None>
    <None Include="res\toolbar.bmp">
      <Filter>Resource Files</Filter>
    </None>
    <None Include="ClassDiagram11.cd" />
    <None Include="res\ground.bmp">
      <Filter>Resource Files</Filter>
    </None>
  </ItemGroup>
  <ItemGroup>
    <ResourceCompile Include="Models.rc">
      <Filter>Resource Files</Filter>
    </ResourceCompile>
  </ItemGroup>
</Project>